
Microsoft Visual Studio Solution File, Format Version 12.00
# Visual Studio Version 17
VisualStudioVersion = 17.3.32825.248
MinimumVisualStudioVersion = 10.0.40219.1
Project("{FAE04EC0-301F-11D3-BF4B-00C04F79EFBC}") = "fromSoundCard", "fromSoundCard\fromSoundCard.csproj", "{FD643F4A-0364-40DB-9076-CFDFB16F5258}"
EndProject
Project("{FAE04EC0-301F-11D3-BF4B-00C04F79EFBC}") = "toSoundCard", "toSoundCard\toSoundCard.csproj", "{3F7CA193-4E25-4A7E-A496-B45434AEF1AF}"
EndProject
Global
	GlobalSection(SolutionConfigurationPlatforms) = preSolution
		Debug|Any CPU = Debug|Any CPU
		Debug|x86 = Debug|x86
		Release|Any CPU = Release|Any CPU
		Release|x86 = Release|x86
	EndGlobalSection
	GlobalSection(ProjectConfigurationPlatforms) = postSolution
		{FD643F4A-0364-40DB-9076-CFDFB16F5258}.Debug|Any CPU.ActiveCfg = Debug|Any CPU
		{FD643F4A-0364-40DB-9076-CFDFB16F5258}.Debug|Any CPU.Build.0 = Debug|Any CPU
		{FD643F4A-0364-40DB-9076-CFDFB16F5258}.Debug|x86.ActiveCfg = Debug|Any CPU
		{FD643F4A-0364-40DB-9076-CFDFB16F5258}.Debug|x86.Build.0 = Debug|Any CPU
		{FD643F4A-0364-40DB-9076-CFDFB16F5258}.Release|Any CPU.ActiveCfg = Release|Any CPU
		{FD643F4A-0364-40DB-9076-CFDFB16F5258}.Release|Any CPU.Build.0 = Release|Any CPU
		{FD643F4A-0364-40DB-9076-CFDFB16F5258}.Release|x86.ActiveCfg = Release|Any CPU
		{FD643F4A-0364-40DB-9076-CFDFB16F5258}.Release|x86.Build.0 = Release|Any CPU
		{3F7CA193-4E25-4A7E-A496-B45434AEF1AF}.Debug|Any CPU.ActiveCfg = Debug|Any CPU
		{3F7CA193-4E25-4A7E-A496-B45434AEF1AF}.Debug|Any CPU.Build.0 = Debug|Any CPU
		{3F7CA193-4E25-4A7E-A496-B45434AEF1AF}.Debug|x86.ActiveCfg = Debug|Any CPU
		{3F7CA193-4E25-4A7E-A496-B45434AEF1AF}.Debug|x86.Build.0 = Debug|Any CPU
		{3F7CA193-4E25-4A7E-A496-B45434AEF1AF}.Release|Any CPU.ActiveCfg = Release|Any CPU
		{3F7CA193-4E25-4A7E-A496-B45434AEF1AF}.Release|Any CPU.Build.0 = Release|Any CPU
		{3F7CA193-4E25-4A7E-A496-B45434AEF1AF}.Release|x86.ActiveCfg = Release|Any CPU
		{3F7CA193-4E25-4A7E-A496-B45434AEF1AF}.Release|x86.Build.0 = Release|Any CPU
	EndGlobalSection
	GlobalSection(SolutionProperties) = preSolution
		HideSolutionNode = FALSE
	EndGlobalSection
	GlobalSection(ExtensibilityGlobals) = postSolution
		SolutionGuid = {0E712054-CBF6-4976-BC5B-FD0F6A24BA1D}
	EndGlobalSection
	GlobalSection(MonoDevelopProperties) = preSolution
		StartupItem = Test_Info\Test_Info.csproj
	EndGlobalSection
EndGlobal
